
Microsoft Visual Studio Solution File, Format Version 12.00
# Visual Studio Version 16
VisualStudioVersion = 16.0.31019.35
MinimumVisualStudioVersion = 10.0.40219.1
Project("{FAE04EC0-301F-11D3-BF4B-00C04F79EFBC}") = "CS_Tic_tac_toe", "CS_Tic_tac_toe\CS_Tic_tac_toe.csproj", "{9ADF3FEF-91F8-4D4E-9849-55F6BE97BBE5}"
EndProject
Global
	GlobalSection(SolutionConfigurationPlatforms) = preSolution
		Debug|Any CPU = Debug|Any CPU
		Release|Any CPU = Release|Any CPU
	EndGlobalSection
	GlobalSection(ProjectConfigurationPlatforms) = postSolution
		{9ADF3FEF-91F8-4D4E-9849-55F6BE97BBE5}.Debug|Any CPU.ActiveCfg = Debug|Any CPU
		{9ADF3FEF-91F8-4D4E-9849-55F6BE97BBE5}.Debug|Any CPU.Build.0 = Debug|Any CPU
		{9ADF3FEF-91F8-4D4E-9849-55F6BE97BBE5}.Release|Any CPU.ActiveCfg = Release|Any CPU
		{9ADF3FEF-91F8-4D4E-9849-55F6BE97BBE5}.Release|Any CPU.Build.0 = Release|Any CPU
	EndGlobalSection
	GlobalSection(SolutionProperties) = preSolution
		HideSolutionNode = FALSE
	EndGlobalSection
	GlobalSection(ExtensibilityGlobals) = postSolution
		SolutionGuid = {833ADB0A-A101-4384-85FE-AC893A683C55}
	EndGlobalSection
EndGlobal
